
Microsoft Visual Studio Solution File, Format Version 12.00
# Visual Studio Version 17
VisualStudioVersion = 17.2.32516.85
MinimumVisualStudioVersion = 10.0.40219.1
Project("{FAE04EC0-301F-11D3-BF4B-00C04F79EFBC}") = "Project1", "Project1\Project1.csproj", "{7F18A164-ABB0-4FA8-9AC4-BD48AF771513}"
EndProject
Global
	GlobalSection(SolutionConfigurationPlatforms) = preSolution
		Debug|Any CPU = Debug|Any CPU
		Release|Any CPU = Release|Any CPU
	EndGlobalSection
	GlobalSection(ProjectConfigurationPlatforms) = postSolution
		{7F18A164-ABB0-4FA8-9AC4-BD48AF771513}.Debug|Any CPU.ActiveCfg = Debug|Any CPU
		{7F18A164-ABB0-4FA8-9AC4-BD48AF771513}.Debug|Any CPU.Build.0 = Debug|Any CPU
		{7F18A164-ABB0-4FA8-9AC4-BD48AF771513}.Release|Any CPU.ActiveCfg = Release|Any CPU
		{7F18A164-ABB0-4FA8-9AC4-BD48AF771513}.Release|Any CPU.Build.0 = Release|Any CPU
	EndGlobalSection
	GlobalSection(SolutionProperties) = preSolution
		HideSolutionNode = FALSE
	EndGlobalSection
	GlobalSection(ExtensibilityGlobals) = postSolution
		SolutionGuid = {527C8214-2B95-47BE-ACF6-573A3C958317}
	EndGlobalSection
EndGlobal
